// !$*UTF8*$!
{
	archiveVersion = 1;
	classes = {
	};
	objectVersion = 50;
	objects = {

/* Begin PBXBuildFile section */
		DAFF5D61212041F60001CD34 /* AppDelegate.swift in Sources */ = {isa = PBXBuildFile; fileRef = DAFF5D60212041F60001CD34 /* AppDelegate.swift */; };
		DAFF5D63212041F60001CD34 /* ViewController.swift in Sources */ = {isa = PBXBuildFile; fileRef = DAFF5D62212041F60001CD34 /* ViewController.swift */; };
		DAFF5D66212041F60001CD34 /* Main.storyboard in Resources */ = {isa = PBXBuildFile; fileRef = DAFF5D64212041F60001CD34 /* Main.storyboard */; };
		DAFF5D69212041F60001CD34 /* iOSClubOOP.xcdatamodeld in Sources */ = {isa = PBXBuildFile; fileRef = DAFF5D67212041F60001CD34 /* iOSClubOOP.xcdatamodeld */; };
		DAFF5D6B212041FF0001CD34 /* Assets.xcassets in Resources */ = {isa = PBXBuildFile; fileRef = DAFF5D6A212041FF0001CD34 /* Assets.xcassets */; };
		DAFF5D6E212041FF0001CD34 /* LaunchScreen.storyboard in Resources */ = {isa = PBXBuildFile; fileRef = DAFF5D6C212041FF0001CD34 /* LaunchScreen.storyboard */; };
		DAFF5D76212085810001CD34 /* Car.swift in Sources */ = {isa = PBXBuildFile; fileRef = DAFF5D75212085810001CD34 /* Car.swift */; };
		DAFF5D7D212089B40001CD34 /* Rv.swift in Sources */ = {isa = PBXBuildFile; fileRef = DAFF5D7C212089B40001CD34 /* Rv.swift */; };
/* End PBXBuildFile section */

/* Begin PBXFileReference section */
		DAFF5D5D212041F60001CD34 /* iOSClubOOP.app */ = {isa = PBXFileReference; explicitFileType = wrapper.application; includeInIndex = 0; path = iOSClubOOP.app; sourceTree = BUILT_PRODUCTS_DIR; };
		DAFF5D60212041F60001CD34 /* AppDelegate.swift */ = {isa = PBXFileReference; lastKnownFileType = sourcecode.swift; path = AppDelegate.swift; sourceTree = "<group>"; };
		DAFF5D62212041F60001CD34 /* ViewController.swift */ = {isa = PBXFileReference; lastKnownFileType = sourcecode.swift; path = ViewController.swift; sourceTree = "<group>"; };
		DAFF5D65212041F60001CD34 /* Base */ = {isa = PBXFileReference; lastKnownFileType = file.storyboard; name = Base; path = Base.lproj/Main.storyboard; sourceTree = "<group>"; };
		DAFF5D68212041F60001CD34 /* iOSClubOOP.xcdatamodel */ = {isa = PBXFileReference; lastKnownFileType = wrapper.xcdatamodel; path = iOSClubOOP.xcdatamodel; sourceTree = "<group>"; };
		DAFF5D6A212041FF0001CD34 /* Assets.xcassets */ = {isa = PBXFileReference; lastKnownFileType = folder.assetcatalog; path = Assets.xcassets; sourceTree = "<group>"; };
		DAFF5D6D212041FF0001CD34 /* Base */ = {isa = PBXFileReference; lastKnownFileType = file.storyboard; name = Base; path = Base.lproj/LaunchScreen.storyboard; sourceTree = "<group>"; };
		DAFF5D6F212041FF0001CD34 /* Info.plist */ = {isa = PBXFileReference; lastKnownFileType = text.plist.xml; path = Info.plist; sourceTree = "<group>"; };
		DAFF5D75212085810001CD34 /* Car.swift */ = {isa = PBXFileReference; lastKnownFileType = sourcecode.swift; path = Car.swift; sourceTree = "<group>"; };
		DAFF5D7C212089B40001CD34 /* Rv.swift */ = {isa = PBXFileReference; lastKnownFileType = sourcecode.swift; path = Rv.swift; sourceTree = "<group>"; };
/* End PBXFileReference section */

/* Begin PBXFrameworksBuildPhase section */
		DAFF5D5A212041F60001CD34 /* Frameworks */ = {
			isa = PBXFrameworksBuildPhase;
			buildActionMask = 2147483647;
			files = (
			);
			runOnlyForDeploymentPostprocessing = 0;
		};
/* End PBXFrameworksBuildPhase section */

/* Begin PBXGroup section */
		DAFF5D54212041F60001CD34 = {
			isa = PBXGroup;
			children = (
				DAFF5D5F212041F60001CD34 /* iOSClubOOP */,
				DAFF5D5E212041F60001CD34 /* Products */,
			);
			sourceTree = "<group>";
		};
		DAFF5D5E212041F60001CD34 /* Products */ = {
			isa = PBXGroup;
			children = (
				DAFF5D5D212041F60001CD34 /* iOSClubOOP.app */,
			);
			name = Products;
			sourceTree = "<group>";
		};
		DAFF5D5F212041F60001CD34 /* iOSClubOOP */ = {
			isa = PBXGroup;
			children = (
				DAFF5D77212088150001CD34 /* Models */,
				DAFF5D60212041F60001CD34 /* AppDelegate.swift */,
				DAFF5D62212041F60001CD34 /* ViewController.swift */,
				DAFF5D64212041F60001CD34 /* Main.storyboard */,
				DAFF5D6A212041FF0001CD34 /* Assets.xcassets */,
				DAFF5D6C212041FF0001CD34 /* LaunchScreen.storyboard */,
				DAFF5D6F212041FF0001CD34 /* Info.plist */,
				DAFF5D67212041F60001CD34 /* iOSClubOOP.xcdatamodeld */,
			);
			path = iOSClubOOP;
			sourceTree = "<group>";
		};
		DAFF5D77212088150001CD34 /* Models */ = {
			isa = PBXGroup;
			children = (
				DAFF5D75212085810001CD34 /* Car.swift */,
				DAFF5D7C212089B40001CD34 /* Rv.swift */,
			);
			path = Models;
			sourceTree = "<group>";
		};
/* End PBXGroup section */

/* Begin PBXNativeTarget section */
		DAFF5D5C212041F60001CD34 /* iOSClubOOP */ = {
			isa = PBXNativeTarget;
			buildConfigurationList = DAFF5D72212041FF0001CD34 /* Build configuration list for PBXNativeTarget "iOSClubOOP" */;
			buildPhases = (
				DAFF5D59212041F60001CD34 /* Sources */,
				DAFF5D5A212041F60001CD34 /* Frameworks */,
				DAFF5D5B212041F60001CD34 /* Resources */,
			);
			buildRules = (
			);
			dependencies = (
			);
			name = iOSClubOOP;
			productName = iOSClubOOP;
			productReference = DAFF5D5D212041F60001CD34 /* iOSClubOOP.app */;
			productType = "com.apple.product-type.application";
		};
/* End PBXNativeTarget section */

/* Begin PBXProject section */
		DAFF5D55212041F60001CD34 /* Project object */ = {
			isa = PBXProject;
			attributes = {
				LastSwiftUpdateCheck = 1000;
				LastUpgradeCheck = 1000;
				ORGANIZATIONNAME = "蔡昌銘";
				TargetAttributes = {
					DAFF5D5C212041F60001CD34 = {
						CreatedOnToolsVersion = 10.0;
					};
				};
			};
			buildConfigurationList = DAFF5D58212041F60001CD34 /* Build configuration list for PBXProject "iOSClubOOP" */;
			compatibilityVersion = "Xcode 9.3";
			developmentRegion = en;
			hasScannedForEncodings = 0;
			knownRegions = (
				en,
				Base,
			);
			mainGroup = DAFF5D54212041F60001CD34;
			productRefGroup = DAFF5D5E212041F60001CD34 /* Products */;
			projectDirPath = "";
			projectRoot = "";
			targets = (
				DAFF5D5C212041F60001CD34 /* iOSClubOOP */,
			);
		};
/* End PBXProject section */

/* Begin PBXResourcesBuildPhase section */
		DAFF5D5B212041F60001CD34 /* Resources */ = {
			isa = PBXResourcesBuildPhase;
			buildActionMask = 2147483647;
			files = (
				DAFF5D6E212041FF0001CD34 /* LaunchScreen.storyboard in Resources */,
				DAFF5D6B212041FF0001CD34 /* Assets.xcassets in Resources */,
				DAFF5D66212041F60001CD34 /* Main.storyboard in Resources */,
			);
			runOnlyForDeploymentPostprocessing = 0;
		};
/* End PBXResourcesBuildPhase section */

/* Begin PBXSourcesBuildPhase section */
		DAFF5D59212041F60001CD34 /* Sources */ = {
			isa = PBXSourcesBuildPhase;
			buildActionMask = 2147483647;
			files = (
				DAFF5D63212041F60001CD34 /* ViewController.swift in Sources */,
				DAFF5D69212041F60001CD34 /* iOSClubOOP.xcdatamodeld in Sources */,
				DAFF5D76212085810001CD34 /* Car.swift in Sources */,
				DAFF5D7D212089B40001CD34 /* Rv.swift in Sources */,
				DAFF5D61212041F60001CD34 /* AppDelegate.swift in Sources */,
			);
			runOnlyForDeploymentPostprocessing = 0;
		};
/* End PBXSourcesBuildPhase section */

/* Begin PBXVariantGroup section */
		DAFF5D64212041F60001CD34 /* Main.storyboard */ = {
			isa = PBXVariantGroup;
			children = (
				DAFF5D65212041F60001CD34 /* Base */,
			);
			name = Main.storyboard;
			sourceTree = "<group>";
		};
		DAFF5D6C212041FF0001CD34 /* LaunchScreen.storyboard */ = {
			isa = PBXVariantGroup;
			children = (
				DAFF5D6D212041FF0001CD34 /* Base */,
			);
			name = LaunchScreen.storyboard;
			sourceTree = "<group>";
		};
/* End PBXVariantGroup section */

/* Begin XCBuildConfiguration section */
		DAFF5D70212041FF0001CD34 /* Debug */ = {
			isa = XCBuildConfiguration;
			buildSettings = {
				ALWAYS_SEARCH_USER_PATHS = NO;
				CLANG_ANALYZER_NONNULL = YES;
				CLANG_ANALYZER_NUMBER_OBJECT_CONVERSION = YES_AGGRESSIVE;
				CLANG_CXX_LANGUAGE_STANDARD = "gnu++14";
				CLANG_CXX_LIBRARY = "libc++";
				CLANG_ENABLE_MODULES = YES;
				CLANG_ENABLE_OBJC_ARC = YES;
				CLANG_ENABLE_OBJC_WEAK = YES;
				CLANG_WARN_BLOCK_CAPTURE_AUTORELEASING = YES;
				CLANG_WARN_BOOL_CONVERSION = YES;
				CLANG_WARN_COMMA = YES;
				CLANG_WARN_CONSTANT_CONVERSION = YES;
				CLANG_WARN_DEPRECATED_OBJC_IMPLEMENTATIONS = YES;
				CLANG_WARN_DIRECT_OBJC_ISA_USAGE = YES_ERROR;
				CLANG_WARN_DOCUMENTATION_COMMENTS = YES;
				CLANG_WARN_EMPTY_BODY = YES;
				CLANG_WARN_ENUM_CONVERSION = YES;
				CLANG_WARN_INFINITE_RECURSION = YES;
				CLANG_WARN_INT_CONVERSION = YES;
				CLANG_WARN_NON_LITERAL_NULL_CONVERSION = YES;
				CLANG_WARN_OBJC_IMPLICIT_RETAIN_SELF = YES;
				CLANG_WARN_OBJC_LITERAL_CONVERSION = YES;
				CLANG_WARN_OBJC_ROOT_CLASS = YES_ERROR;
				CLANG_WARN_RANGE_LOOP_ANALYSIS = YES;
				CLANG_WARN_STRICT_PROTOTYPES = YES;
				CLANG_WARN_SUSPICIOUS_MOVE = YES;
				CLANG_WARN_UNGUARDED_AVAILABILITY = YES_AGGRESSIVE;
				CLANG_WARN_UNREACHABLE_CODE = YES;
				CLANG_WARN__DUPLICATE_METHOD_MATCH = YES;
				CODE_SIGN_IDENTITY = "iPhone Developer";
				COPY_PHASE_STRIP = NO;
				DEBUG_INFORMATION_FORMAT = dwarf;
				ENABLE_STRICT_OBJC_MSGSEND = YES;
				ENABLE_TESTABILITY = YES;
				GCC_C_LANGUAGE_STANDARD = gnu11;
				GCC_DYNAMIC_NO_PIC = NO;
				GCC_NO_COMMON_BLOCKS = YES;
				GCC_OPTIMIZATION_LEVEL = 0;
				GCC_PREPROCESSOR_DEFINITIONS = (
					"DEBUG=1",
					"$(inherited)",
				);
				GCC_WARN_64_TO_32_BIT_CONVERSION = YES;
				GCC_WARN_ABOUT_RETURN_TYPE = YES_ERROR;
				GCC_WARN_UNDECLARED_SELECTOR = YES;
				GCC_WARN_UNINITIALIZED_AUTOS = YES_AGGRESSIVE;
				GCC_WARN_UNUSED_FUNCTION = YES;
				GCC_WARN_UNUSED_VARIABLE = YES;
				IPHONEOS_DEPLOYMENT_TARGET = 12.0;
				MTL_ENABLE_DEBUG_INFO = INCLUDE_SOURCE;
				MTL_FAST_MATH = YES;
				ONLY_ACTIVE_ARCH = YES;
				SDKROOT = iphoneos;
				SWIFT_ACTIVE_COMPILATION_CONDITIONS = DEBUG;
				SWIFT_OPTIMIZATION_LEVEL = "-Onone";
			};
			name = Debug;
		};
		DAFF5D71212041FF0001CD34 /* Release */ = {
			isa = XCBuildConfiguration;
			buildSettings = {
				ALWAYS_SEARCH_USER_PATHS = NO;
				CLANG_ANALYZER_NONNULL = YES;
				CLANG_ANALYZER_NUMBER_OBJECT_CONVERSION = YES_AGGRESSIVE;
				CLANG_CXX_LANGUAGE_STANDARD = "gnu++14";
				CLANG_CXX_LIBRARY = "libc++";
				CLANG_ENABLE_MODULES = YES;
				CLANG_ENABLE_OBJC_ARC = YES;
				CLANG_ENABLE_OBJC_WEAK = YES;
				CLANG_WARN_BLOCK_CAPTURE_AUTORELEASING = YES;
				CLANG_WARN_BOOL_CONVERSION = YES;
				CLANG_WARN_COMMA = YES;
				CLANG_WARN_CONSTANT_CONVERSION = YES;
				CLANG_WARN_DEPRECATED_OBJC_IMPLEMENTATIONS = YES;
				CLANG_WARN_DIRECT_OBJC_ISA_USAGE = YES_ERROR;
				CLANG_WARN_DOCUMENTATION_COMMENTS = YES;
				CLANG_WARN_EMPTY_BODY = YES;
				CLANG_WARN_ENUM_CONVERSION = YES;
				CLANG_WARN_INFINITE_RECURSION = YES;
				CLANG_WARN_INT_CONVERSION = YES;
				CLANG_WARN_NON_LITERAL_NULL_CONVERSION = YES;
				CLANG_WARN_OBJC_IMPLICIT_RETAIN_SELF = YES;
				CLANG_WARN_OBJC_LITERAL_CONVERSION = YES;
				CLANG_WARN_OBJC_ROOT_CLASS = YES_ERROR;
				CLANG_WARN_RANGE_LOOP_ANALYSIS = YES;
				CLANG_WARN_STRICT_PROTOTYPES = YES;
				CLANG_WARN_SUSPICIOUS_MOVE = YES;
				CLANG_WARN_UNGUARDED_AVAILABILITY = YES_AGGRESSIVE;
				CLANG_WARN_UNREACHABLE_CODE = YES;
				CLANG_WARN__DUPLICATE_METHOD_MATCH = YES;
				CODE_SIGN_IDENTITY = "iPhone Developer";
				COPY_PHASE_STRIP = NO;
				DEBUG_INFORMATION_FORMAT = "dwarf-with-dsym";
				ENABLE_NS_ASSERTIONS = NO;
				ENABLE_STRICT_OBJC_MSGSEND = YES;
				GCC_C_LANGUAGE_STANDARD = gnu11;
				GCC_NO_COMMON_BLOCKS = YES;
				GCC_WARN_64_TO_32_BIT_CONVERSION = YES;
				GCC_WARN_ABOUT_RETURN_TYPE = YES_ERROR;
				GCC_WARN_UNDECLARED_SELECTOR = YES;
				GCC_WARN_UNINITIALIZED_AUTOS = YES_AGGRESSIVE;
				GCC_WARN_UNUSED_FUNCTION = YES;
				GCC_WARN_UNUSED_VARIABLE = YES;
				IPHONEOS_DEPLOYMENT_TARGET = 12.0;
				MTL_ENABLE_DEBUG_INFO = NO;
				MTL_FAST_MATH = YES;
				SDKROOT = iphoneos;
				SWIFT_COMPILATION_MODE = wholemodule;
				SWIFT_OPTIMIZATION_LEVEL = "-O";
				VALIDATE_PRODUCT = YES;
			};
			name = Release;
		};
		DAFF5D73212041FF0001CD34 /* Debug */ = {
			isa = XCBuildConfiguration;
			buildSettings = {
				ASSETCATALOG_COMPILER_APPICON_NAME = AppIcon;
				CODE_SIGN_STYLE = Automatic;
				DEVELOPMENT_TEAM = B9T455GZP6;
				INFOPLIST_FILE = iOSClubOOP/Info.plist;
				LD_RUNPATH_SEARCH_PATHS = (
					"$(inherited)",
					"@executable_path/Frameworks",
				);
				PRODUCT_BUNDLE_IDENTIFIER = Simpson.iOSClubOOP;
				PRODUCT_NAME = "$(TARGET_NAME)";
				SWIFT_VERSION = 4.2;
				TARGETED_DEVICE_FAMILY = "1,2";
			};
			name = Debug;
		};
		DAFF5D74212041FF0001CD34 /* Release */ = {
			isa = XCBuildConfiguration;
			buildSettings = {
				ASSETCATALOG_COMPILER_APPICON_NAME = AppIcon;
				CODE_SIGN_STYLE = Automatic;
				DEVELOPMENT_TEAM = B9T455GZP6;
				INFOPLIST_FILE = iOSClubOOP/Info.plist;
				LD_RUNPATH_SEARCH_PATHS = (
					"$(inherited)",
					"@executable_path/Frameworks",
				);
				PRODUCT_BUNDLE_IDENTIFIER = Simpson.iOSClubOOP;
				PRODUCT_NAME = "$(TARGET_NAME)";
				SWIFT_VERSION = 4.2;
				TARGETED_DEVICE_FAMILY = "1,2";
			};
			name = Release;
		};
/* End XCBuildConfiguration section */

/* Begin XCConfigurationList section */
		DAFF5D58212041F60001CD34 /* Build configuration list for PBXProject "iOSClubOOP" */ = {
			isa = XCConfigurationList;
			buildConfigurations = (
				DAFF5D70212041FF0001CD34 /* Debug */,
				DAFF5D71212041FF0001CD34 /* Release */,
			);
			defaultConfigurationIsVisible = 0;
			defaultConfigurationName = Release;
		};
		DAFF5D72212041FF0001CD34 /* Build configuration list for PBXNativeTarget "iOSClubOOP" */ = {
			isa = XCConfigurationList;
			buildConfigurations = (
				DAFF5D73212041FF0001CD34 /* Debug */,
				DAFF5D74212041FF0001CD34 /* Release */,
			);
			defaultConfigurationIsVisible = 0;
			defaultConfigurationName = Release;
		};
/* End XCConfigurationList section */

/* Begin XCVersionGroup section */
		DAFF5D67212041F60001CD34 /* iOSClubOOP.xcdatamodeld */ = {
			isa = XCVersionGroup;
			children = (
				DAFF5D68212041F60001CD34 /* iOSClubOOP.xcdatamodel */,
			);
			currentVersion = DAFF5D68212041F60001CD34 /* iOSClubOOP.xcdatamodel */;
			path = iOSClubOOP.xcdatamodeld;
			sourceTree = "<group>";
			versionGroupType = wrapper.xcdatamodel;
		};
/* End XCVersionGroup section */
	};
	rootObject = DAFF5D55212041F60001CD34 /* Project object */;
}
